# This file is automatically @generated by Cargo.
# It is not intended for manual editing.
version = 3

[[package]]
name = "autocfg"
version = "1.1.0"
source = "registry+https://github.com/rust-lang/crates.io-index"
checksum = "d468802bab17cbc0cc575e9b053f41e72aa36bfa6b7f55e3529ffa43161b97fa"

[[package]]
name = "bit_field"
version = "0.10.2"
source = "registry+https://github.com/rust-lang/crates.io-index"
checksum = "dc827186963e592360843fb5ba4b973e145841266c1357f7180c43526f2e5b61"

[[package]]
name = "bitflags"
version = "1.3.2"
source = "registry+https://github.com/rust-lang/crates.io-index"
checksum = "bef38d45163c2f1dde094a7dfd33ccf595c92905c8f8f4fdc18d06fb1037718a"

[[package]]
name = "build-target"
version = "0.4.0"
source = "registry+https://github.com/rust-lang/crates.io-index"
checksum = "832133bbabbbaa9fbdba793456a2827627a7d2b8fb96032fa1e7666d7895832b"

[[package]]
name = "kernel-boot"
version = "0.1.0"
dependencies = [
 "kernel-boot-impl",
]

[[package]]
name = "kernel-boot-impl"
version = "0.1.0"
dependencies = [
 "kernel-boot-interface",
 "kernel-cpu",
 "lazy_static",
 "limine",
]

[[package]]
name = "kernel-boot-interface"
version = "0.1.0"

[[package]]
name = "kernel-cpu"
version = "0.1.0"
dependencies = [
 "kernel-cpu-impl",
]

[[package]]
name = "kernel-cpu-impl"
version = "0.1.0"

[[package]]
name = "kernel-log"
version = "0.1.0"
dependencies = [
 "kernel-serial",
]

[[package]]
name = "kernel-paging"
version = "0.1.0"
dependencies = [
 "kernel-paging-impl",
]

[[package]]
name = "kernel-paging-impl"
version = "0.1.0"

[[package]]
name = "kernel-serial"
version = "0.1.0"
dependencies = [
 "kernel-serial-impl",
]

[[package]]
name = "kernel-serial-impl"
version = "0.1.0"
dependencies = [
 "lazy_static",
 "spin 0.9.8",
 "uart_16550",
]

[[package]]
name = "kernel-shutdown"
version = "0.1.0"
dependencies = [
 "kernel-shutdown-impl",
]

[[package]]
name = "kernel-shutdown-impl"
version = "0.1.0"
dependencies = [
 "x86_64",
]

[[package]]
name = "kernel-test"
version = "0.1.0"
dependencies = [
 "kernel-boot",
 "kernel-boot-interface",
 "kernel-cpu",
 "kernel-log",
 "kernel-shutdown",
]

[[package]]
name = "lazy_static"
version = "1.4.0"
source = "registry+https://github.com/rust-lang/crates.io-index"
checksum = "e2abad23fbc42b3700f2f279844dc832adb2b2eb069b2df918f455c4e18cc646"
dependencies = [
 "spin 0.5.2",
]

[[package]]
name = "limine"
version = "0.1.11"
source = "registry+https://github.com/rust-lang/crates.io-index"
checksum = "f45c67c512034e8eb0064556e1db5da671b3ef50791cd6ac6376e7aefc0ef27e"

[[package]]
name = "lock_api"
version = "0.4.10"
source = "registry+https://github.com/rust-lang/crates.io-index"
checksum = "c1cc9717a20b1bb222f333e6a92fd32f7d8a18ddc5a3191a11af45dcbf4dcd16"
dependencies = [
 "autocfg",
 "scopeguard",
]

[[package]]
name = "metamorphoses"
version = "0.1.0"
dependencies = [
 "build-target",
 "kernel-boot-interface",
 "kernel-cpu",
 "kernel-test",
]

[[package]]
name = "odysseos"
version = "0.1.0"
dependencies = [
 "build-target",
 "kernel-boot",
 "kernel-boot-interface",
 "kernel-cpu",
 "kernel-log",
 "kernel-paging",
 "kernel-shutdown",
 "kernel-test",
 "metamorphoses",
 "spin 0.9.8",
 "teensy-std",
]

[[package]]
name = "rustversion"
version = "1.0.13"
source = "registry+https://github.com/rust-lang/crates.io-index"
checksum = "dc31bd9b61a32c31f9650d18add92aa83a49ba979c143eefd27fe7177b05bd5f"

[[package]]
name = "scopeguard"
version = "1.1.0"
source = "registry+https://github.com/rust-lang/crates.io-index"
checksum = "d29ab0c6d3fc0ee92fe66e2d99f700eab17a8d57d1c1d3b748380fb20baa78cd"

[[package]]
name = "spin"
version = "0.5.2"
source = "registry+https://github.com/rust-lang/crates.io-index"
checksum = "6e63cff320ae2c57904679ba7cb63280a3dc4613885beafb148ee7bf9aa9042d"

[[package]]
name = "spin"
version = "0.9.8"
source = "registry+https://github.com/rust-lang/crates.io-index"
checksum = "6980e8d7511241f8acf4aebddbb1ff938df5eebe98691418c4468d0b72a96a67"
dependencies = [
 "lock_api",
]

[[package]]
name = "teensy-std"
version = "0.0.0"

[[package]]
name = "uart_16550"
version = "0.2.19"
source = "registry+https://github.com/rust-lang/crates.io-index"
checksum = "614ff2a87880d4bd4374722268598a970bbad05ced8bf630439417347254ab2e"
dependencies = [
 "bitflags",
 "rustversion",
 "x86_64",
]

[[package]]
name = "volatile"
version = "0.4.6"
source = "registry+https://github.com/rust-lang/crates.io-index"
checksum = "442887c63f2c839b346c192d047a7c87e73d0689c9157b00b53dcc27dd5ea793"

[[package]]
name = "x86_64"
version = "0.14.10"
source = "registry+https://github.com/rust-lang/crates.io-index"
checksum = "100555a863c0092238c2e0e814c1096c1e5cf066a309c696a87e907b5f8c5d69"
dependencies = [
 "bit_field",
 "bitflags",
 "rustversion",
 "volatile",
]
